
Microsoft Visual Studio Solution File, Format Version 12.00
# Visual Studio Version 17
VisualStudioVersion = 17.8.34316.72
MinimumVisualStudioVersion = 10.0.40219.1
Project("{FAE04EC0-301F-11D3-BF4B-00C04F79EFBC}") = "Demo", "TreesExercise\Demo.csproj", "{52D67466-EC7B-4F3B-A679-DA374FCA1FB4}"
EndProject
Project("{FAE04EC0-301F-11D3-BF4B-00C04F79EFBC}") = "Tree", "Tree\Tree.csproj", "{B8B7A5BD-126A-4493-A787-ED3A97A930E4}"
EndProject
Project("{FAE04EC0-301F-11D3-BF4B-00C04F79EFBC}") = "Tree.Tests", "Tree.Tests\Tree.Tests.csproj", "{41A2FA33-D7DD-463E-B3D8-58DBB3DEF557}"
EndProject
Global
	GlobalSection(SolutionConfigurationPlatforms) = preSolution
		Debug|Any CPU = Debug|Any CPU
		Release|Any CPU = Release|Any CPU
	EndGlobalSection
	GlobalSection(ProjectConfigurationPlatforms) = postSolution
		{52D67466-EC7B-4F3B-A679-DA374FCA1FB4}.Debug|Any CPU.ActiveCfg = Debug|Any CPU
		{52D67466-EC7B-4F3B-A679-DA374FCA1FB4}.Debug|Any CPU.Build.0 = Debug|Any CPU
		{52D67466-EC7B-4F3B-A679-DA374FCA1FB4}.Release|Any CPU.ActiveCfg = Release|Any CPU
		{52D67466-EC7B-4F3B-A679-DA374FCA1FB4}.Release|Any CPU.Build.0 = Release|Any CPU
		{B8B7A5BD-126A-4493-A787-ED3A97A930E4}.Debug|Any CPU.ActiveCfg = Debug|Any CPU
		{B8B7A5BD-126A-4493-A787-ED3A97A930E4}.Debug|Any CPU.Build.0 = Debug|Any CPU
		{B8B7A5BD-126A-4493-A787-ED3A97A930E4}.Release|Any CPU.ActiveCfg = Release|Any CPU
		{B8B7A5BD-126A-4493-A787-ED3A97A930E4}.Release|Any CPU.Build.0 = Release|Any CPU
		{41A2FA33-D7DD-463E-B3D8-58DBB3DEF557}.Debug|Any CPU.ActiveCfg = Debug|Any CPU
		{41A2FA33-D7DD-463E-B3D8-58DBB3DEF557}.Debug|Any CPU.Build.0 = Debug|Any CPU
		{41A2FA33-D7DD-463E-B3D8-58DBB3DEF557}.Release|Any CPU.ActiveCfg = Release|Any CPU
		{41A2FA33-D7DD-463E-B3D8-58DBB3DEF557}.Release|Any CPU.Build.0 = Release|Any CPU
	EndGlobalSection
	GlobalSection(SolutionProperties) = preSolution
		HideSolutionNode = FALSE
	EndGlobalSection
	GlobalSection(ExtensibilityGlobals) = postSolution
		SolutionGuid = {6A02C1B1-F368-4254-878D-24E96639A00E}
	EndGlobalSection
EndGlobal
