
Microsoft Visual Studio Solution File, Format Version 12.00
# Visual Studio Version 16
VisualStudioVersion = 16.0.33927.289
MinimumVisualStudioVersion = 10.0.40219.1
Project("{FAE04EC0-301F-11D3-BF4B-00C04F79EFBC}") = "The Fight for Gondor", "The Fight for Gondor\The Fight for Gondor.csproj", "{843F6D8A-563F-430E-8912-9C1B634A916F}"
EndProject
Project("{FAE04EC0-301F-11D3-BF4B-00C04F79EFBC}") = "Warships", "Warships\Warships.csproj", "{C6EE58DA-B577-43A0-98C5-6F2A5DC5B629}"
EndProject
Project("{9A19103F-16F7-4668-BE54-9A1E7A4F7556}") = "TheRace", "The Race - skeleton\TheRace.csproj", "{44E9891B-FFE5-4326-A16E-7F35E3140806}"
EndProject
Global
	GlobalSection(SolutionConfigurationPlatforms) = preSolution
		Debug|Any CPU = Debug|Any CPU
		Release|Any CPU = Release|Any CPU
	EndGlobalSection
	GlobalSection(ProjectConfigurationPlatforms) = postSolution
		{843F6D8A-563F-430E-8912-9C1B634A916F}.Debug|Any CPU.ActiveCfg = Debug|Any CPU
		{843F6D8A-563F-430E-8912-9C1B634A916F}.Debug|Any CPU.Build.0 = Debug|Any CPU
		{843F6D8A-563F-430E-8912-9C1B634A916F}.Release|Any CPU.ActiveCfg = Release|Any CPU
		{843F6D8A-563F-430E-8912-9C1B634A916F}.Release|Any CPU.Build.0 = Release|Any CPU
		{C6EE58DA-B577-43A0-98C5-6F2A5DC5B629}.Debug|Any CPU.ActiveCfg = Debug|Any CPU
		{C6EE58DA-B577-43A0-98C5-6F2A5DC5B629}.Debug|Any CPU.Build.0 = Debug|Any CPU
		{C6EE58DA-B577-43A0-98C5-6F2A5DC5B629}.Release|Any CPU.ActiveCfg = Release|Any CPU
		{C6EE58DA-B577-43A0-98C5-6F2A5DC5B629}.Release|Any CPU.Build.0 = Release|Any CPU
		{44E9891B-FFE5-4326-A16E-7F35E3140806}.Debug|Any CPU.ActiveCfg = Debug|Any CPU
		{44E9891B-FFE5-4326-A16E-7F35E3140806}.Debug|Any CPU.Build.0 = Debug|Any CPU
		{44E9891B-FFE5-4326-A16E-7F35E3140806}.Release|Any CPU.ActiveCfg = Release|Any CPU
		{44E9891B-FFE5-4326-A16E-7F35E3140806}.Release|Any CPU.Build.0 = Release|Any CPU
	EndGlobalSection
	GlobalSection(SolutionProperties) = preSolution
		HideSolutionNode = FALSE
	EndGlobalSection
	GlobalSection(ExtensibilityGlobals) = postSolution
		SolutionGuid = {0346BB0F-7BB0-456F-B316-B7DBF3D14325}
	EndGlobalSection
EndGlobal
