
Microsoft Visual Studio Solution File, Format Version 12.00
# Visual Studio Version 17
VisualStudioVersion = 17.8.34316.72
MinimumVisualStudioVersion = 10.0.40219.1
Project("{FAE04EC0-301F-11D3-BF4B-00C04F79EFBC}") = "SOLID Exercise", "SOLID Exercise\SOLID Exercise.csproj", "{0553321D-B68D-4BD2-A351-C164C80EBE63}"
EndProject
Global
	GlobalSection(SolutionConfigurationPlatforms) = preSolution
		Debug|Any CPU = Debug|Any CPU
		Release|Any CPU = Release|Any CPU
	EndGlobalSection
	GlobalSection(ProjectConfigurationPlatforms) = postSolution
		{0553321D-B68D-4BD2-A351-C164C80EBE63}.Debug|Any CPU.ActiveCfg = Debug|Any CPU
		{0553321D-B68D-4BD2-A351-C164C80EBE63}.Debug|Any CPU.Build.0 = Debug|Any CPU
		{0553321D-B68D-4BD2-A351-C164C80EBE63}.Release|Any CPU.ActiveCfg = Release|Any CPU
		{0553321D-B68D-4BD2-A351-C164C80EBE63}.Release|Any CPU.Build.0 = Release|Any CPU
	EndGlobalSection
	GlobalSection(SolutionProperties) = preSolution
		HideSolutionNode = FALSE
	EndGlobalSection
	GlobalSection(ExtensibilityGlobals) = postSolution
		SolutionGuid = {1089D8D8-C73B-4964-887B-BC2EC58D88CD}
	EndGlobalSection
EndGlobal
