
Microsoft Visual Studio Solution File, Format Version 12.00
# Visual Studio Version 17
VisualStudioVersion = 17.4.33213.308
MinimumVisualStudioVersion = 10.0.40219.1
Project("{FAE04EC0-301F-11D3-BF4B-00C04F79EFBC}") = "01. Reverse Strings", "CSharp Fundamentals Text Processing Lab\01. Reverse Strings.csproj", "{FE3B45CF-56C8-4A8F-9870-326F0F3B95A9}"
EndProject
Project("{FAE04EC0-301F-11D3-BF4B-00C04F79EFBC}") = "02. Repeat Strings", "02. Repeat Strings\02. Repeat Strings.csproj", "{13ECB185-4A43-486F-A315-FD5B92FF1C0E}"
EndProject
Project("{FAE04EC0-301F-11D3-BF4B-00C04F79EFBC}") = "03. Substring", "03. Substring\03. Substring.csproj", "{7ABACE2A-7E2C-48A3-A3BB-4AD6D443839A}"
EndProject
Project("{FAE04EC0-301F-11D3-BF4B-00C04F79EFBC}") = "04. Text Filter", "04. Text Filter\04. Text Filter.csproj", "{8FCB5467-5983-4F84-A022-CB119D6F0A14}"
EndProject
Project("{FAE04EC0-301F-11D3-BF4B-00C04F79EFBC}") = "05. Digits, Letters and Other", "05. Digits, Letters and Other\05. Digits, Letters and Other.csproj", "{8CF193BE-8055-4044-B1D1-5E0DD77BA8D9}"
EndProject
Global
	GlobalSection(SolutionConfigurationPlatforms) = preSolution
		Debug|Any CPU = Debug|Any CPU
		Release|Any CPU = Release|Any CPU
	EndGlobalSection
	GlobalSection(ProjectConfigurationPlatforms) = postSolution
		{FE3B45CF-56C8-4A8F-9870-326F0F3B95A9}.Debug|Any CPU.ActiveCfg = Debug|Any CPU
		{FE3B45CF-56C8-4A8F-9870-326F0F3B95A9}.Debug|Any CPU.Build.0 = Debug|Any CPU
		{FE3B45CF-56C8-4A8F-9870-326F0F3B95A9}.Release|Any CPU.ActiveCfg = Release|Any CPU
		{FE3B45CF-56C8-4A8F-9870-326F0F3B95A9}.Release|Any CPU.Build.0 = Release|Any CPU
		{13ECB185-4A43-486F-A315-FD5B92FF1C0E}.Debug|Any CPU.ActiveCfg = Debug|Any CPU
		{13ECB185-4A43-486F-A315-FD5B92FF1C0E}.Debug|Any CPU.Build.0 = Debug|Any CPU
		{13ECB185-4A43-486F-A315-FD5B92FF1C0E}.Release|Any CPU.ActiveCfg = Release|Any CPU
		{13ECB185-4A43-486F-A315-FD5B92FF1C0E}.Release|Any CPU.Build.0 = Release|Any CPU
		{7ABACE2A-7E2C-48A3-A3BB-4AD6D443839A}.Debug|Any CPU.ActiveCfg = Debug|Any CPU
		{7ABACE2A-7E2C-48A3-A3BB-4AD6D443839A}.Debug|Any CPU.Build.0 = Debug|Any CPU
		{7ABACE2A-7E2C-48A3-A3BB-4AD6D443839A}.Release|Any CPU.ActiveCfg = Release|Any CPU
		{7ABACE2A-7E2C-48A3-A3BB-4AD6D443839A}.Release|Any CPU.Build.0 = Release|Any CPU
		{8FCB5467-5983-4F84-A022-CB119D6F0A14}.Debug|Any CPU.ActiveCfg = Debug|Any CPU
		{8FCB5467-5983-4F84-A022-CB119D6F0A14}.Debug|Any CPU.Build.0 = Debug|Any CPU
		{8FCB5467-5983-4F84-A022-CB119D6F0A14}.Release|Any CPU.ActiveCfg = Release|Any CPU
		{8FCB5467-5983-4F84-A022-CB119D6F0A14}.Release|Any CPU.Build.0 = Release|Any CPU
		{8CF193BE-8055-4044-B1D1-5E0DD77BA8D9}.Debug|Any CPU.ActiveCfg = Debug|Any CPU
		{8CF193BE-8055-4044-B1D1-5E0DD77BA8D9}.Debug|Any CPU.Build.0 = Debug|Any CPU
		{8CF193BE-8055-4044-B1D1-5E0DD77BA8D9}.Release|Any CPU.ActiveCfg = Release|Any CPU
		{8CF193BE-8055-4044-B1D1-5E0DD77BA8D9}.Release|Any CPU.Build.0 = Release|Any CPU
	EndGlobalSection
	GlobalSection(SolutionProperties) = preSolution
		HideSolutionNode = FALSE
	EndGlobalSection
	GlobalSection(ExtensibilityGlobals) = postSolution
		SolutionGuid = {D0C440C3-BFCF-4298-A738-1000FD7043AD}
	EndGlobalSection
EndGlobal
