
Microsoft Visual Studio Solution File, Format Version 12.00
# Visual Studio Version 17
VisualStudioVersion = 17.4.33213.308
MinimumVisualStudioVersion = 10.0.40219.1
Project("{FAE04EC0-301F-11D3-BF4B-00C04F79EFBC}") = "01. Valid Usernames", "CSharp Fundamentals Text Processing Exercise\01. Valid Usernames.csproj", "{1702C112-E6BE-42A2-936A-E8A94982A77A}"
EndProject
Project("{FAE04EC0-301F-11D3-BF4B-00C04F79EFBC}") = "02. Character Multiplier", "02. Character Multiplier\02. Character Multiplier.csproj", "{2BAD021D-7022-484F-875E-5DAA562F79D0}"
EndProject
Project("{FAE04EC0-301F-11D3-BF4B-00C04F79EFBC}") = "03. Extract File", "03. Extract File\03. Extract File.csproj", "{97C6F3AE-2F85-4AC3-8C1E-4BE76FA64A6B}"
EndProject
Project("{FAE04EC0-301F-11D3-BF4B-00C04F79EFBC}") = "04. Caesar Cipher", "04. Caesar Cipher\04. Caesar Cipher.csproj", "{E664803B-A5D9-4181-82F2-1F92F73ACC12}"
EndProject
Project("{FAE04EC0-301F-11D3-BF4B-00C04F79EFBC}") = "05. Multiply Big Number", "05. Multiply Big Number\05. Multiply Big Number.csproj", "{E5B46932-39FD-49D0-B810-7C8C4993A462}"
EndProject
Project("{FAE04EC0-301F-11D3-BF4B-00C04F79EFBC}") = "06. Replace Repeating Chars", "06. Replace Repeating Chars\06. Replace Repeating Chars.csproj", "{5816D213-2A21-486D-A5A4-090BCB020582}"
EndProject
Project("{FAE04EC0-301F-11D3-BF4B-00C04F79EFBC}") = "07. String Explosion", "07. String Explosion\07. String Explosion.csproj", "{9E62A5D9-8C72-422F-9A14-F335811B7825}"
EndProject
Project("{FAE04EC0-301F-11D3-BF4B-00C04F79EFBC}") = "08. Letters Change Numbers", "08. Letters Change Numbers\08. Letters Change Numbers.csproj", "{84E448CC-9D50-46A7-AD63-A5D2242DD6A2}"
EndProject
Global
	GlobalSection(SolutionConfigurationPlatforms) = preSolution
		Debug|Any CPU = Debug|Any CPU
		Release|Any CPU = Release|Any CPU
	EndGlobalSection
	GlobalSection(ProjectConfigurationPlatforms) = postSolution
		{1702C112-E6BE-42A2-936A-E8A94982A77A}.Debug|Any CPU.ActiveCfg = Debug|Any CPU
		{1702C112-E6BE-42A2-936A-E8A94982A77A}.Debug|Any CPU.Build.0 = Debug|Any CPU
		{1702C112-E6BE-42A2-936A-E8A94982A77A}.Release|Any CPU.ActiveCfg = Release|Any CPU
		{1702C112-E6BE-42A2-936A-E8A94982A77A}.Release|Any CPU.Build.0 = Release|Any CPU
		{2BAD021D-7022-484F-875E-5DAA562F79D0}.Debug|Any CPU.ActiveCfg = Debug|Any CPU
		{2BAD021D-7022-484F-875E-5DAA562F79D0}.Debug|Any CPU.Build.0 = Debug|Any CPU
		{2BAD021D-7022-484F-875E-5DAA562F79D0}.Release|Any CPU.ActiveCfg = Release|Any CPU
		{2BAD021D-7022-484F-875E-5DAA562F79D0}.Release|Any CPU.Build.0 = Release|Any CPU
		{97C6F3AE-2F85-4AC3-8C1E-4BE76FA64A6B}.Debug|Any CPU.ActiveCfg = Debug|Any CPU
		{97C6F3AE-2F85-4AC3-8C1E-4BE76FA64A6B}.Debug|Any CPU.Build.0 = Debug|Any CPU
		{97C6F3AE-2F85-4AC3-8C1E-4BE76FA64A6B}.Release|Any CPU.ActiveCfg = Release|Any CPU
		{97C6F3AE-2F85-4AC3-8C1E-4BE76FA64A6B}.Release|Any CPU.Build.0 = Release|Any CPU
		{E664803B-A5D9-4181-82F2-1F92F73ACC12}.Debug|Any CPU.ActiveCfg = Debug|Any CPU
		{E664803B-A5D9-4181-82F2-1F92F73ACC12}.Debug|Any CPU.Build.0 = Debug|Any CPU
		{E664803B-A5D9-4181-82F2-1F92F73ACC12}.Release|Any CPU.ActiveCfg = Release|Any CPU
		{E664803B-A5D9-4181-82F2-1F92F73ACC12}.Release|Any CPU.Build.0 = Release|Any CPU
		{E5B46932-39FD-49D0-B810-7C8C4993A462}.Debug|Any CPU.ActiveCfg = Debug|Any CPU
		{E5B46932-39FD-49D0-B810-7C8C4993A462}.Debug|Any CPU.Build.0 = Debug|Any CPU
		{E5B46932-39FD-49D0-B810-7C8C4993A462}.Release|Any CPU.ActiveCfg = Release|Any CPU
		{E5B46932-39FD-49D0-B810-7C8C4993A462}.Release|Any CPU.Build.0 = Release|Any CPU
		{5816D213-2A21-486D-A5A4-090BCB020582}.Debug|Any CPU.ActiveCfg = Debug|Any CPU
		{5816D213-2A21-486D-A5A4-090BCB020582}.Debug|Any CPU.Build.0 = Debug|Any CPU
		{5816D213-2A21-486D-A5A4-090BCB020582}.Release|Any CPU.ActiveCfg = Release|Any CPU
		{5816D213-2A21-486D-A5A4-090BCB020582}.Release|Any CPU.Build.0 = Release|Any CPU
		{9E62A5D9-8C72-422F-9A14-F335811B7825}.Debug|Any CPU.ActiveCfg = Debug|Any CPU
		{9E62A5D9-8C72-422F-9A14-F335811B7825}.Debug|Any CPU.Build.0 = Debug|Any CPU
		{9E62A5D9-8C72-422F-9A14-F335811B7825}.Release|Any CPU.ActiveCfg = Release|Any CPU
		{9E62A5D9-8C72-422F-9A14-F335811B7825}.Release|Any CPU.Build.0 = Release|Any CPU
		{84E448CC-9D50-46A7-AD63-A5D2242DD6A2}.Debug|Any CPU.ActiveCfg = Debug|Any CPU
		{84E448CC-9D50-46A7-AD63-A5D2242DD6A2}.Debug|Any CPU.Build.0 = Debug|Any CPU
		{84E448CC-9D50-46A7-AD63-A5D2242DD6A2}.Release|Any CPU.ActiveCfg = Release|Any CPU
		{84E448CC-9D50-46A7-AD63-A5D2242DD6A2}.Release|Any CPU.Build.0 = Release|Any CPU
	EndGlobalSection
	GlobalSection(SolutionProperties) = preSolution
		HideSolutionNode = FALSE
	EndGlobalSection
	GlobalSection(ExtensibilityGlobals) = postSolution
		SolutionGuid = {2F7B196F-86A0-4AF0-8552-E008DCC20D15}
	EndGlobalSection
EndGlobal
