
Microsoft Visual Studio Solution File, Format Version 12.00
# Visual Studio Version 16
VisualStudioVersion = 16.0.33214.272
MinimumVisualStudioVersion = 10.0.40219.1
Project("{FAE04EC0-301F-11D3-BF4B-00C04F79EFBC}") = "CSharp Fundamentals leson 1 Lab", "CSharp Fundamentals leson 1 Lab\CSharp Fundamentals leson 1 Lab.csproj", "{598E3E5A-390A-4734-A8A0-85E733E4B78A}"
EndProject
Global
	GlobalSection(SolutionConfigurationPlatforms) = preSolution
		Debug|Any CPU = Debug|Any CPU
		Release|Any CPU = Release|Any CPU
	EndGlobalSection
	GlobalSection(ProjectConfigurationPlatforms) = postSolution
		{598E3E5A-390A-4734-A8A0-85E733E4B78A}.Debug|Any CPU.ActiveCfg = Debug|Any CPU
		{598E3E5A-390A-4734-A8A0-85E733E4B78A}.Debug|Any CPU.Build.0 = Debug|Any CPU
		{598E3E5A-390A-4734-A8A0-85E733E4B78A}.Release|Any CPU.ActiveCfg = Release|Any CPU
		{598E3E5A-390A-4734-A8A0-85E733E4B78A}.Release|Any CPU.Build.0 = Release|Any CPU
	EndGlobalSection
	GlobalSection(SolutionProperties) = preSolution
		HideSolutionNode = FALSE
	EndGlobalSection
	GlobalSection(ExtensibilityGlobals) = postSolution
		SolutionGuid = {64C92EEE-D19F-48D8-AC56-0217C846044D}
	EndGlobalSection
EndGlobal
