
Microsoft Visual Studio Solution File, Format Version 12.00
# Visual Studio Version 16
VisualStudioVersion = 16.0.33927.289
MinimumVisualStudioVersion = 10.0.40219.1
Project("{FAE04EC0-301F-11D3-BF4B-00C04F79EFBC}") = "Cooking", "Cooking\Cooking.csproj", "{FE1D2E72-AF44-4771-9AEE-F59BC2460597}"
EndProject
Project("{FAE04EC0-301F-11D3-BF4B-00C04F79EFBC}") = "Selling", "Selling\Selling.csproj", "{7ADE11BC-FC05-4A56-B73E-80E28566C8F2}"
EndProject
Project("{9A19103F-16F7-4668-BE54-9A1E7A4F7556}") = "BakeryOpenning", "Openning\BakeryOpenning.csproj", "{A72936A5-D792-4167-A9EF-4BDD433F2242}"
EndProject
Global
	GlobalSection(SolutionConfigurationPlatforms) = preSolution
		Debug|Any CPU = Debug|Any CPU
		Release|Any CPU = Release|Any CPU
	EndGlobalSection
	GlobalSection(ProjectConfigurationPlatforms) = postSolution
		{FE1D2E72-AF44-4771-9AEE-F59BC2460597}.Debug|Any CPU.ActiveCfg = Debug|Any CPU
		{FE1D2E72-AF44-4771-9AEE-F59BC2460597}.Debug|Any CPU.Build.0 = Debug|Any CPU
		{FE1D2E72-AF44-4771-9AEE-F59BC2460597}.Release|Any CPU.ActiveCfg = Release|Any CPU
		{FE1D2E72-AF44-4771-9AEE-F59BC2460597}.Release|Any CPU.Build.0 = Release|Any CPU
		{7ADE11BC-FC05-4A56-B73E-80E28566C8F2}.Debug|Any CPU.ActiveCfg = Debug|Any CPU
		{7ADE11BC-FC05-4A56-B73E-80E28566C8F2}.Debug|Any CPU.Build.0 = Debug|Any CPU
		{7ADE11BC-FC05-4A56-B73E-80E28566C8F2}.Release|Any CPU.ActiveCfg = Release|Any CPU
		{7ADE11BC-FC05-4A56-B73E-80E28566C8F2}.Release|Any CPU.Build.0 = Release|Any CPU
		{A72936A5-D792-4167-A9EF-4BDD433F2242}.Debug|Any CPU.ActiveCfg = Debug|Any CPU
		{A72936A5-D792-4167-A9EF-4BDD433F2242}.Debug|Any CPU.Build.0 = Debug|Any CPU
		{A72936A5-D792-4167-A9EF-4BDD433F2242}.Release|Any CPU.ActiveCfg = Release|Any CPU
		{A72936A5-D792-4167-A9EF-4BDD433F2242}.Release|Any CPU.Build.0 = Release|Any CPU
	EndGlobalSection
	GlobalSection(SolutionProperties) = preSolution
		HideSolutionNode = FALSE
	EndGlobalSection
	GlobalSection(ExtensibilityGlobals) = postSolution
		SolutionGuid = {17762204-BDDB-4224-B8C9-B6AD23BEBFC5}
	EndGlobalSection
EndGlobal
