
Microsoft Visual Studio Solution File, Format Version 12.00
# Visual Studio Version 17
VisualStudioVersion = 17.8.34316.72
MinimumVisualStudioVersion = 10.0.40219.1
Project("{FAE04EC0-301F-11D3-BF4B-00C04F79EFBC}") = "MyProjectTree", "MyProjectTree\MyProjectTree.csproj", "{31B1C7AF-3895-4705-B726-09EE587420F5}"
EndProject
Global
	GlobalSection(SolutionConfigurationPlatforms) = preSolution
		Debug|Any CPU = Debug|Any CPU
		Release|Any CPU = Release|Any CPU
	EndGlobalSection
	GlobalSection(ProjectConfigurationPlatforms) = postSolution
		{31B1C7AF-3895-4705-B726-09EE587420F5}.Debug|Any CPU.ActiveCfg = Debug|Any CPU
		{31B1C7AF-3895-4705-B726-09EE587420F5}.Debug|Any CPU.Build.0 = Debug|Any CPU
		{31B1C7AF-3895-4705-B726-09EE587420F5}.Release|Any CPU.ActiveCfg = Release|Any CPU
		{31B1C7AF-3895-4705-B726-09EE587420F5}.Release|Any CPU.Build.0 = Release|Any CPU
	EndGlobalSection
	GlobalSection(SolutionProperties) = preSolution
		HideSolutionNode = FALSE
	EndGlobalSection
	GlobalSection(ExtensibilityGlobals) = postSolution
		SolutionGuid = {E29FAD09-7EDF-474A-BAA9-5E38B6E95E7B}
	EndGlobalSection
EndGlobal
