
Microsoft Visual Studio Solution File, Format Version 12.00
# Visual Studio Version 16
VisualStudioVersion = 16.0.33927.289
MinimumVisualStudioVersion = 10.0.40219.1
Project("{FAE04EC0-301F-11D3-BF4B-00C04F79EFBC}") = "Bombs", "Bombs\Bombs.csproj", "{554D2AF1-2CB2-4766-9734-C7F0240F7DE1}"
EndProject
Project("{FAE04EC0-301F-11D3-BF4B-00C04F79EFBC}") = "Snake", "Snake\Snake.csproj", "{96DDD2AF-2359-423A-9E4E-5BEBCFA79931}"
EndProject
Project("{9A19103F-16F7-4668-BE54-9A1E7A4F7556}") = "Parking", "Parking\Parking\Parking\Parking.csproj", "{7881D6D0-D402-4A71-8E86-71F3E28EC74F}"
EndProject
Global
	GlobalSection(SolutionConfigurationPlatforms) = preSolution
		Debug|Any CPU = Debug|Any CPU
		Release|Any CPU = Release|Any CPU
	EndGlobalSection
	GlobalSection(ProjectConfigurationPlatforms) = postSolution
		{554D2AF1-2CB2-4766-9734-C7F0240F7DE1}.Debug|Any CPU.ActiveCfg = Debug|Any CPU
		{554D2AF1-2CB2-4766-9734-C7F0240F7DE1}.Debug|Any CPU.Build.0 = Debug|Any CPU
		{554D2AF1-2CB2-4766-9734-C7F0240F7DE1}.Release|Any CPU.ActiveCfg = Release|Any CPU
		{554D2AF1-2CB2-4766-9734-C7F0240F7DE1}.Release|Any CPU.Build.0 = Release|Any CPU
		{96DDD2AF-2359-423A-9E4E-5BEBCFA79931}.Debug|Any CPU.ActiveCfg = Debug|Any CPU
		{96DDD2AF-2359-423A-9E4E-5BEBCFA79931}.Debug|Any CPU.Build.0 = Debug|Any CPU
		{96DDD2AF-2359-423A-9E4E-5BEBCFA79931}.Release|Any CPU.ActiveCfg = Release|Any CPU
		{96DDD2AF-2359-423A-9E4E-5BEBCFA79931}.Release|Any CPU.Build.0 = Release|Any CPU
		{7881D6D0-D402-4A71-8E86-71F3E28EC74F}.Debug|Any CPU.ActiveCfg = Debug|Any CPU
		{7881D6D0-D402-4A71-8E86-71F3E28EC74F}.Debug|Any CPU.Build.0 = Debug|Any CPU
		{7881D6D0-D402-4A71-8E86-71F3E28EC74F}.Release|Any CPU.ActiveCfg = Release|Any CPU
		{7881D6D0-D402-4A71-8E86-71F3E28EC74F}.Release|Any CPU.Build.0 = Release|Any CPU
	EndGlobalSection
	GlobalSection(SolutionProperties) = preSolution
		HideSolutionNode = FALSE
	EndGlobalSection
	GlobalSection(ExtensibilityGlobals) = postSolution
		SolutionGuid = {1062EC8F-A059-4456-9615-E9514B0658ED}
	EndGlobalSection
EndGlobal
