
Microsoft Visual Studio Solution File, Format Version 12.00
# Visual Studio Version 17
VisualStudioVersion = 17.5.33530.505
MinimumVisualStudioVersion = 10.0.40219.1
Project("{FAE04EC0-301F-11D3-BF4B-00C04F79EFBC}") = "Testovo", "Testovo\Testovo.csproj", "{D111758F-FC12-40E0-9489-BFAEBAC1ECAD}"
EndProject
Global
	GlobalSection(SolutionConfigurationPlatforms) = preSolution
		Debug|Any CPU = Debug|Any CPU
		Release|Any CPU = Release|Any CPU
	EndGlobalSection
	GlobalSection(ProjectConfigurationPlatforms) = postSolution
		{D111758F-FC12-40E0-9489-BFAEBAC1ECAD}.Debug|Any CPU.ActiveCfg = Debug|Any CPU
		{D111758F-FC12-40E0-9489-BFAEBAC1ECAD}.Debug|Any CPU.Build.0 = Debug|Any CPU
		{D111758F-FC12-40E0-9489-BFAEBAC1ECAD}.Release|Any CPU.ActiveCfg = Release|Any CPU
		{D111758F-FC12-40E0-9489-BFAEBAC1ECAD}.Release|Any CPU.Build.0 = Release|Any CPU
	EndGlobalSection
	GlobalSection(SolutionProperties) = preSolution
		HideSolutionNode = FALSE
	EndGlobalSection
	GlobalSection(ExtensibilityGlobals) = postSolution
		SolutionGuid = {D7D85063-F3CA-4B04-B3AF-E35F475AECBA}
	EndGlobalSection
EndGlobal
