
Microsoft Visual Studio Solution File, Format Version 12.00
# Visual Studio Version 17
VisualStudioVersion = 17.5.33530.505
MinimumVisualStudioVersion = 10.0.40219.1
Project("{FAE04EC0-301F-11D3-BF4B-00C04F79EFBC}") = "01. Password Reset", "04. Programming Fundamentals Final Exam\01. Password Reset.csproj", "{C02DDA31-AAE6-4FCA-AC03-C7A59DAD6834}"
EndProject
Project("{FAE04EC0-301F-11D3-BF4B-00C04F79EFBC}") = "02. Fancy Barcodes", "02. Fancy Barcodes\02. Fancy Barcodes.csproj", "{99F203F3-A1BE-4EF5-8B2C-60A5986D1C66}"
EndProject
Project("{FAE04EC0-301F-11D3-BF4B-00C04F79EFBC}") = "03. Heroes of Code and Logic VII", "03. Heroes of Code and Logic VII\03. Heroes of Code and Logic VII.csproj", "{7EC1B6D2-7578-43F9-98D5-4BD7D5AB922F}"
EndProject
Global
	GlobalSection(SolutionConfigurationPlatforms) = preSolution
		Debug|Any CPU = Debug|Any CPU
		Release|Any CPU = Release|Any CPU
	EndGlobalSection
	GlobalSection(ProjectConfigurationPlatforms) = postSolution
		{C02DDA31-AAE6-4FCA-AC03-C7A59DAD6834}.Debug|Any CPU.ActiveCfg = Debug|Any CPU
		{C02DDA31-AAE6-4FCA-AC03-C7A59DAD6834}.Debug|Any CPU.Build.0 = Debug|Any CPU
		{C02DDA31-AAE6-4FCA-AC03-C7A59DAD6834}.Release|Any CPU.ActiveCfg = Release|Any CPU
		{C02DDA31-AAE6-4FCA-AC03-C7A59DAD6834}.Release|Any CPU.Build.0 = Release|Any CPU
		{99F203F3-A1BE-4EF5-8B2C-60A5986D1C66}.Debug|Any CPU.ActiveCfg = Debug|Any CPU
		{99F203F3-A1BE-4EF5-8B2C-60A5986D1C66}.Debug|Any CPU.Build.0 = Debug|Any CPU
		{99F203F3-A1BE-4EF5-8B2C-60A5986D1C66}.Release|Any CPU.ActiveCfg = Release|Any CPU
		{99F203F3-A1BE-4EF5-8B2C-60A5986D1C66}.Release|Any CPU.Build.0 = Release|Any CPU
		{7EC1B6D2-7578-43F9-98D5-4BD7D5AB922F}.Debug|Any CPU.ActiveCfg = Debug|Any CPU
		{7EC1B6D2-7578-43F9-98D5-4BD7D5AB922F}.Debug|Any CPU.Build.0 = Debug|Any CPU
		{7EC1B6D2-7578-43F9-98D5-4BD7D5AB922F}.Release|Any CPU.ActiveCfg = Release|Any CPU
		{7EC1B6D2-7578-43F9-98D5-4BD7D5AB922F}.Release|Any CPU.Build.0 = Release|Any CPU
	EndGlobalSection
	GlobalSection(SolutionProperties) = preSolution
		HideSolutionNode = FALSE
	EndGlobalSection
	GlobalSection(ExtensibilityGlobals) = postSolution
		SolutionGuid = {3432AD56-56B8-49BA-99FC-AD544EBABEBD}
	EndGlobalSection
EndGlobal
